Microsoft Visual Studio Solution File, Format Version 11.00
# Visual Studio 2010
Project("{F83B110D-8B7D-43B8-B956-7DA20C03C2DD}") = "dplug-distort", "dplug-distort.visualdproj", "{0D752DBE-4155-4E58-9A57-84BC36068A82}"
	ProjectSection(ProjectDependencies) = postProject
		{F38065C4-7E03-4CBB-9217-B8194A0E9820} = {F38065C4-7E03-4CBB-9217-B8194A0E9820}
		{2C85E3AD-1E96-4B4F-B9E2-03E2AA7E6697} = {2C85E3AD-1E96-4B4F-B9E2-03E2AA7E6697}
		{9C2604F2-F826-4544-BFA6-769440308769} = {9C2604F2-F826-4544-BFA6-769440308769}
		{5E7C5938-8054-4579-BC32-0AB291B08FCA} = {5E7C5938-8054-4579-BC32-0AB291B08FCA}
		{F52D83D2-D968-48AD-8A55-78AEB00903A8} = {F52D83D2-D968-48AD-8A55-78AEB00903A8}
		{8D574BFF-6F38-4101-B275-1766B8A8D3BC} = {8D574BFF-6F38-4101-B275-1766B8A8D3BC}
		{3583B159-E395-4468-B0BF-F5B19E857E2A} = {3583B159-E395-4468-B0BF-F5B19E857E2A}
	EndProjectSection
EndProject
Project("{F83B110D-8B7D-43B8-B956-7DA20C03C2DD}") = "dplug:dsp", "dplug_dsp.visualdproj", "{F38065C4-7E03-4CBB-9217-B8194A0E9820}"
EndProject
Project("{F83B110D-8B7D-43B8-B956-7DA20C03C2DD}") = "gfm:math", "gfm_math.visualdproj", "{2C85E3AD-1E96-4B4F-B9E2-03E2AA7E6697}"
EndProject
Project("{F83B110D-8B7D-43B8-B956-7DA20C03C2DD}") = "gfm:core", "gfm_core.visualdproj", "{3583B159-E395-4468-B0BF-F5B19E857E2A}"
EndProject
Project("{F83B110D-8B7D-43B8-B956-7DA20C03C2DD}") = "dplug:vst", "dplug_vst.visualdproj", "{9C2604F2-F826-4544-BFA6-769440308769}"
EndProject
Project("{F83B110D-8B7D-43B8-B956-7DA20C03C2DD}") = "dplug:plugin", "dplug_plugin.visualdproj", "{8D574BFF-6F38-4101-B275-1766B8A8D3BC}"
EndProject
Project("{F83B110D-8B7D-43B8-B956-7DA20C03C2DD}") = "dplug:gui", "dplug_gui.visualdproj", "{5E7C5938-8054-4579-BC32-0AB291B08FCA}"
EndProject
Project("{F83B110D-8B7D-43B8-B956-7DA20C03C2DD}") = "ae-graphics", "ae-graphics.visualdproj", "{F52D83D2-D968-48AD-8A55-78AEB00903A8}"
EndProject
Global
	GlobalSection(SolutionConfigurationPlatforms) = preSolution
		debug|Win32 = debug|Win32
	EndGlobalSection
	GlobalSection(ProjectConfigurationPlatforms) = postSolution
		{0D752DBE-4155-4E58-9A57-84BC36068A82}.debug|Win32.ActiveCfg = debug|Win32
		{0D752DBE-4155-4E58-9A57-84BC36068A82}.debug|Win32.Build.0 = debug|Win32
		{2C85E3AD-1E96-4B4F-B9E2-03E2AA7E6697}.debug|Win32.ActiveCfg = debug|Win32
		{2C85E3AD-1E96-4B4F-B9E2-03E2AA7E6697}.debug|Win32.Build.0 = debug|Win32
		{F52D83D2-D968-48AD-8A55-78AEB00903A8}.debug|Win32.ActiveCfg = debug|Win32
		{F52D83D2-D968-48AD-8A55-78AEB00903A8}.debug|Win32.Build.0 = debug|Win32
		{F38065C4-7E03-4CBB-9217-B8194A0E9820}.debug|Win32.ActiveCfg = debug|Win32
		{F38065C4-7E03-4CBB-9217-B8194A0E9820}.debug|Win32.Build.0 = debug|Win32
		{3583B159-E395-4468-B0BF-F5B19E857E2A}.debug|Win32.ActiveCfg = debug|Win32
		{3583B159-E395-4468-B0BF-F5B19E857E2A}.debug|Win32.Build.0 = debug|Win32
		{9C2604F2-F826-4544-BFA6-769440308769}.debug|Win32.ActiveCfg = debug|Win32
		{9C2604F2-F826-4544-BFA6-769440308769}.debug|Win32.Build.0 = debug|Win32
		{8D574BFF-6F38-4101-B275-1766B8A8D3BC}.debug|Win32.ActiveCfg = debug|Win32
		{8D574BFF-6F38-4101-B275-1766B8A8D3BC}.debug|Win32.Build.0 = debug|Win32
		{5E7C5938-8054-4579-BC32-0AB291B08FCA}.debug|Win32.ActiveCfg = debug|Win32
		{5E7C5938-8054-4579-BC32-0AB291B08FCA}.debug|Win32.Build.0 = debug|Win32
	EndGlobalSection
	GlobalSection(SolutionProperties) = preSolution
		HideSolutionNode = FALSE
	EndGlobalSection
EndGlobal
